// !$*UTF8*$!
{
	archiveVersion = 1;
	classes = {
	};
	objectVersion = 50;
	objects = {

/* Begin PBXBuildFile section */
		C507876024BE383100BB3120 /* AppDelegate.swift in Sources */ = {isa = PBXBuildFile; fileRef = C507875F24BE383100BB3120 /* AppDelegate.swift */; };
		C507876224BE383100BB3120 /* SceneDelegate.swift in Sources */ = {isa = PBXBuildFile; fileRef = C507876124BE383100BB3120 /* SceneDelegate.swift */; };
		C507876424BE383100BB3120 /* LoginViewController.swift in Sources */ = {isa = PBXBuildFile; fileRef = C507876324BE383100BB3120 /* LoginViewController.swift */; };
		C507876724BE383100BB3120 /* Main.storyboard in Resources */ = {isa = PBXBuildFile; fileRef = C507876524BE383100BB3120 /* Main.storyboard */; };
		C507876924BE383100BB3120 /* Assets.xcassets in Resources */ = {isa = PBXBuildFile; fileRef = C507876824BE383100BB3120 /* Assets.xcassets */; };
		C507876C24BE383100BB3120 /* LaunchScreen.storyboard in Resources */ = {isa = PBXBuildFile; fileRef = C507876A24BE383100BB3120 /* LaunchScreen.storyboard */; };
		C51AFE7224C087CF00578961 /* MapViewController.swift in Sources */ = {isa = PBXBuildFile; fileRef = C51AFE7124C087CF00578961 /* MapViewController.swift */; };
		C51AFE7424C0C18700578961 /* PostLocationViewController.swift in Sources */ = {isa = PBXBuildFile; fileRef = C51AFE7324C0C18700578961 /* PostLocationViewController.swift */; };
		C5609B4A24BF7DE00064BCD4 /* APIClient.swift in Sources */ = {isa = PBXBuildFile; fileRef = C5609B4924BF7DE00064BCD4 /* APIClient.swift */; };
		C5609B4C24BF83D60064BCD4 /* PostStudentLocation.swift in Sources */ = {isa = PBXBuildFile; fileRef = C5609B4B24BF83D60064BCD4 /* PostStudentLocation.swift */; };
		C5609B4E24BF90420064BCD4 /* Session.swift in Sources */ = {isa = PBXBuildFile; fileRef = C5609B4D24BF90420064BCD4 /* Session.swift */; };
		C5609B5024BF90750064BCD4 /* Account.swift in Sources */ = {isa = PBXBuildFile; fileRef = C5609B4F24BF90750064BCD4 /* Account.swift */; };
		C5609B5224BF94CF0064BCD4 /* Result.swift in Sources */ = {isa = PBXBuildFile; fileRef = C5609B5124BF94CF0064BCD4 /* Result.swift */; };
		C5609B5424BF9A9F0064BCD4 /* User.swift in Sources */ = {isa = PBXBuildFile; fileRef = C5609B5324BF9A9F0064BCD4 /* User.swift */; };
		C5B6C8BB24BE54EC00990608 /* LocationsTableViewController.swift in Sources */ = {isa = PBXBuildFile; fileRef = C5B6C8BA24BE54EC00990608 /* LocationsTableViewController.swift */; };
		C5B6C8BE24BE59A900990608 /* StudentLocation.swift in Sources */ = {isa = PBXBuildFile; fileRef = C5B6C8BD24BE59A900990608 /* StudentLocation.swift */; };
		C5B8894B24C0DB7D00D03035 /* AddLocationInfoViewController.swift in Sources */ = {isa = PBXBuildFile; fileRef = C5B8894A24C0DB7D00D03035 /* AddLocationInfoViewController.swift */; };
		C5B8894D24C0F30600D03035 /* LoginResponse.swift in Sources */ = {isa = PBXBuildFile; fileRef = C5B8894C24C0F30600D03035 /* LoginResponse.swift */; };
/* End PBXBuildFile section */

/* Begin PBXFileReference section */
		C507875C24BE383100BB3120 /* OnTheMap.app */ = {isa = PBXFileReference; explicitFileType = wrapper.application; includeInIndex = 0; path = OnTheMap.app; sourceTree = BUILT_PRODUCTS_DIR; };
		C507875F24BE383100BB3120 /* AppDelegate.swift */ = {isa = PBXFileReference; lastKnownFileType = sourcecode.swift; path = AppDelegate.swift; sourceTree = "<group>"; };
		C507876124BE383100BB3120 /* SceneDelegate.swift */ = {isa = PBXFileReference; lastKnownFileType = sourcecode.swift; path = SceneDelegate.swift; sourceTree = "<group>"; };
		C507876324BE383100BB3120 /* LoginViewController.swift */ = {isa = PBXFileReference; lastKnownFileType = sourcecode.swift; path = LoginViewController.swift; sourceTree = "<group>"; };
		C507876624BE383100BB3120 /* Base */ = {isa = PBXFileReference; lastKnownFileType = file.storyboard; name = Base; path = Base.lproj/Main.storyboard; sourceTree = "<group>"; };
		C507876824BE383100BB3120 /* Assets.xcassets */ = {isa = PBXFileReference; lastKnownFileType = folder.assetcatalog; path = Assets.xcassets; sourceTree = "<group>"; };
		C507876B24BE383100BB3120 /* Base */ = {isa = PBXFileReference; lastKnownFileType = file.storyboard; name = Base; path = Base.lproj/LaunchScreen.storyboard; sourceTree = "<group>"; };
		C507876D24BE383100BB3120 /* Info.plist */ = {isa = PBXFileReference; lastKnownFileType = text.plist.xml; path = Info.plist; sourceTree = "<group>"; };
		C51AFE7124C087CF00578961 /* MapViewController.swift */ = {isa = PBXFileReference; lastKnownFileType = sourcecode.swift; path = MapViewController.swift; sourceTree = "<group>"; };
		C51AFE7324C0C18700578961 /* PostLocationViewController.swift */ = {isa = PBXFileReference; lastKnownFileType = sourcecode.swift; path = PostLocationViewController.swift; sourceTree = "<group>"; };
		C5609B4924BF7DE00064BCD4 /* APIClient.swift */ = {isa = PBXFileReference; lastKnownFileType = sourcecode.swift; path = APIClient.swift; sourceTree = "<group>"; };
		C5609B4B24BF83D60064BCD4 /* PostStudentLocation.swift */ = {isa = PBXFileReference; lastKnownFileType = sourcecode.swift; path = PostStudentLocation.swift; sourceTree = "<group>"; };
		C5609B4D24BF90420064BCD4 /* Session.swift */ = {isa = PBXFileReference; lastKnownFileType = sourcecode.swift; path = Session.swift; sourceTree = "<group>"; };
		C5609B4F24BF90750064BCD4 /* Account.swift */ = {isa = PBXFileReference; lastKnownFileType = sourcecode.swift; path = Account.swift; sourceTree = "<group>"; };
		C5609B5124BF94CF0064BCD4 /* Result.swift */ = {isa = PBXFileReference; lastKnownFileType = sourcecode.swift; path = Result.swift; sourceTree = "<group>"; };
		C5609B5324BF9A9F0064BCD4 /* User.swift */ = {isa = PBXFileReference; lastKnownFileType = sourcecode.swift; path = User.swift; sourceTree = "<group>"; };
		C5B6C8BA24BE54EC00990608 /* LocationsTableViewController.swift */ = {isa = PBXFileReference; lastKnownFileType = sourcecode.swift; path = LocationsTableViewController.swift; sourceTree = "<group>"; };
		C5B6C8BD24BE59A900990608 /* StudentLocation.swift */ = {isa = PBXFileReference; lastKnownFileType = sourcecode.swift; path = StudentLocation.swift; sourceTree = "<group>"; };
		C5B8894A24C0DB7D00D03035 /* AddLocationInfoViewController.swift */ = {isa = PBXFileReference; lastKnownFileType = sourcecode.swift; path = AddLocationInfoViewController.swift; sourceTree = "<group>"; };
		C5B8894C24C0F30600D03035 /* LoginResponse.swift */ = {isa = PBXFileReference; lastKnownFileType = sourcecode.swift; path = LoginResponse.swift; sourceTree = "<group>"; };
/* End PBXFileReference section */

/* Begin PBXFrameworksBuildPhase section */
		C507875924BE383100BB3120 /* Frameworks */ = {
			isa = PBXFrameworksBuildPhase;
			buildActionMask = 2147483647;
			files = (
			);
			runOnlyForDeploymentPostprocessing = 0;
		};
/* End PBXFrameworksBuildPhase section */

/* Begin PBXGroup section */
		C507875324BE383100BB3120 = {
			isa = PBXGroup;
			children = (
				C507875E24BE383100BB3120 /* OnTheMap */,
				C507875D24BE383100BB3120 /* Products */,
			);
			sourceTree = "<group>";
		};
		C507875D24BE383100BB3120 /* Products */ = {
			isa = PBXGroup;
			children = (
				C507875C24BE383100BB3120 /* OnTheMap.app */,
			);
			name = Products;
			sourceTree = "<group>";
		};
		C507875E24BE383100BB3120 /* OnTheMap */ = {
			isa = PBXGroup;
			children = (
				C5B6C8BC24BE599C00990608 /* Model */,
				C507877424BE385A00BB3120 /* Controller */,
				C507877324BE384000BB3120 /* View */,
				C507876D24BE383100BB3120 /* Info.plist */,
			);
			path = OnTheMap;
			sourceTree = "<group>";
		};
		C507877324BE384000BB3120 /* View */ = {
			isa = PBXGroup;
			children = (
				C507876524BE383100BB3120 /* Main.storyboard */,
				C507876824BE383100BB3120 /* Assets.xcassets */,
				C507876A24BE383100BB3120 /* LaunchScreen.storyboard */,
			);
			path = View;
			sourceTree = "<group>";
		};
		C507877424BE385A00BB3120 /* Controller */ = {
			isa = PBXGroup;
			children = (
				C507875F24BE383100BB3120 /* AppDelegate.swift */,
				C507876124BE383100BB3120 /* SceneDelegate.swift */,
				C51AFE7124C087CF00578961 /* MapViewController.swift */,
				C507876324BE383100BB3120 /* LoginViewController.swift */,
				C5B6C8BA24BE54EC00990608 /* LocationsTableViewController.swift */,
				C51AFE7324C0C18700578961 /* PostLocationViewController.swift */,
				C5B8894A24C0DB7D00D03035 /* AddLocationInfoViewController.swift */,
			);
			path = Controller;
			sourceTree = "<group>";
		};
		C51AFE7524C0C8D400578961 /* Request */ = {
			isa = PBXGroup;
			children = (
				C5609B4B24BF83D60064BCD4 /* PostStudentLocation.swift */,
			);
			path = Request;
			sourceTree = "<group>";
		};
		C5609B4224BF550C0064BCD4 /* Response */ = {
			isa = PBXGroup;
			children = (
				C5609B5124BF94CF0064BCD4 /* Result.swift */,
				C5B8894C24C0F30600D03035 /* LoginResponse.swift */,
			);
			path = Response;
			sourceTree = "<group>";
		};
		C5B6C8BC24BE599C00990608 /* Model */ = {
			isa = PBXGroup;
			children = (
				C5F1CBD024C04C210049401E /* Data */,
				C51AFE7524C0C8D400578961 /* Request */,
				C5609B4224BF550C0064BCD4 /* Response */,
				C5F1CBD124C04C3B0049401E /* Client */,
			);
			path = Model;
			sourceTree = "<group>";
		};
		C5F1CBD024C04C210049401E /* Data */ = {
			isa = PBXGroup;
			children = (
				C5B6C8BD24BE59A900990608 /* StudentLocation.swift */,
				C5609B4F24BF90750064BCD4 /* Account.swift */,
				C5609B5324BF9A9F0064BCD4 /* User.swift */,
				C5609B4D24BF90420064BCD4 /* Session.swift */,
			);
			path = Data;
			sourceTree = "<group>";
		};
		C5F1CBD124C04C3B0049401E /* Client */ = {
			isa = PBXGroup;
			children = (
				C5609B4924BF7DE00064BCD4 /* APIClient.swift */,
			);
			path = Client;
			sourceTree = "<group>";
		};
/* End PBXGroup section */

/* Begin PBXNativeTarget section */
		C507875B24BE383100BB3120 /* OnTheMap */ = {
			isa = PBXNativeTarget;
			buildConfigurationList = C507877024BE383100BB3120 /* Build configuration list for PBXNativeTarget "OnTheMap" */;
			buildPhases = (
				C507875824BE383100BB3120 /* Sources */,
				C507875924BE383100BB3120 /* Frameworks */,
				C507875A24BE383100BB3120 /* Resources */,
			);
			buildRules = (
			);
			dependencies = (
			);
			name = OnTheMap;
			productName = OnTheMap;
			productReference = C507875C24BE383100BB3120 /* OnTheMap.app */;
			productType = "com.apple.product-type.application";
		};
/* End PBXNativeTarget section */

/* Begin PBXProject section */
		C507875424BE383100BB3120 /* Project object */ = {
			isa = PBXProject;
			attributes = {
				LastSwiftUpdateCheck = 1150;
				LastUpgradeCheck = 1150;
				ORGANIZATIONNAME = "Khalid Aqeeli";
				TargetAttributes = {
					C507875B24BE383100BB3120 = {
						CreatedOnToolsVersion = 11.5;
					};
				};
			};
			buildConfigurationList = C507875724BE383100BB3120 /* Build configuration list for PBXProject "OnTheMap" */;
			compatibilityVersion = "Xcode 9.3";
			developmentRegion = en;
			hasScannedForEncodings = 0;
			knownRegions = (
				en,
				Base,
			);
			mainGroup = C507875324BE383100BB3120;
			productRefGroup = C507875D24BE383100BB3120 /* Products */;
			projectDirPath = "";
			projectRoot = "";
			targets = (
				C507875B24BE383100BB3120 /* OnTheMap */,
			);
		};
/* End PBXProject section */

/* Begin PBXResourcesBuildPhase section */
		C507875A24BE383100BB3120 /* Resources */ = {
			isa = PBXResourcesBuildPhase;
			buildActionMask = 2147483647;
			files = (
				C507876C24BE383100BB3120 /* LaunchScreen.storyboard in Resources */,
				C507876924BE383100BB3120 /* Assets.xcassets in Resources */,
				C507876724BE383100BB3120 /* Main.storyboard in Resources */,
			);
			runOnlyForDeploymentPostprocessing = 0;
		};
/* End PBXResourcesBuildPhase section */

/* Begin PBXSourcesBuildPhase section */
		C507875824BE383100BB3120 /* Sources */ = {
			isa = PBXSourcesBuildPhase;
			buildActionMask = 2147483647;
			files = (
				C5B6C8BB24BE54EC00990608 /* LocationsTableViewController.swift in Sources */,
				C507876424BE383100BB3120 /* LoginViewController.swift in Sources */,
				C51AFE7424C0C18700578961 /* PostLocationViewController.swift in Sources */,
				C5609B4A24BF7DE00064BCD4 /* APIClient.swift in Sources */,
				C507876024BE383100BB3120 /* AppDelegate.swift in Sources */,
				C5609B4E24BF90420064BCD4 /* Session.swift in Sources */,
				C5609B5024BF90750064BCD4 /* Account.swift in Sources */,
				C5B6C8BE24BE59A900990608 /* StudentLocation.swift in Sources */,
				C51AFE7224C087CF00578961 /* MapViewController.swift in Sources */,
				C5B8894B24C0DB7D00D03035 /* AddLocationInfoViewController.swift in Sources */,
				C5609B4C24BF83D60064BCD4 /* PostStudentLocation.swift in Sources */,
				C5609B5224BF94CF0064BCD4 /* Result.swift in Sources */,
				C507876224BE383100BB3120 /* SceneDelegate.swift in Sources */,
				C5609B5424BF9A9F0064BCD4 /* User.swift in Sources */,
				C5B8894D24C0F30600D03035 /* LoginResponse.swift in Sources */,
			);
			runOnlyForDeploymentPostprocessing = 0;
		};
/* End PBXSourcesBuildPhase section */

/* Begin PBXVariantGroup section */
		C507876524BE383100BB3120 /* Main.storyboard */ = {
			isa = PBXVariantGroup;
			children = (
				C507876624BE383100BB3120 /* Base */,
			);
			name = Main.storyboard;
			sourceTree = "<group>";
		};
		C507876A24BE383100BB3120 /* LaunchScreen.storyboard */ = {
			isa = PBXVariantGroup;
			children = (
				C507876B24BE383100BB3120 /* Base */,
			);
			name = LaunchScreen.storyboard;
			sourceTree = "<group>";
		};
/* End PBXVariantGroup section */

/* Begin XCBuildConfiguration section */
		C507876E24BE383100BB3120 /* Debug */ = {
			isa = XCBuildConfiguration;
			buildSettings = {
				ALWAYS_SEARCH_USER_PATHS = NO;
				CLANG_ANALYZER_NONNULL = YES;
				CLANG_ANALYZER_NUMBER_OBJECT_CONVERSION = YES_AGGRESSIVE;
				CLANG_CXX_LANGUAGE_STANDARD = "gnu++14";
				CLANG_CXX_LIBRARY = "libc++";
				CLANG_ENABLE_MODULES = YES;
				CLANG_ENABLE_OBJC_ARC = YES;
				CLANG_ENABLE_OBJC_WEAK = YES;
				CLANG_WARN_BLOCK_CAPTURE_AUTORELEASING = YES;
				CLANG_WARN_BOOL_CONVERSION = YES;
				CLANG_WARN_COMMA = YES;
				CLANG_WARN_CONSTANT_CONVERSION = YES;
				CLANG_WARN_DEPRECATED_OBJC_IMPLEMENTATIONS = YES;
				CLANG_WARN_DIRECT_OBJC_ISA_USAGE = YES_ERROR;
				CLANG_WARN_DOCUMENTATION_COMMENTS = YES;
				CLANG_WARN_EMPTY_BODY = YES;
				CLANG_WARN_ENUM_CONVERSION = YES;
				CLANG_WARN_INFINITE_RECURSION = YES;
				CLANG_WARN_INT_CONVERSION = YES;
				CLANG_WARN_NON_LITERAL_NULL_CONVERSION = YES;
				CLANG_WARN_OBJC_IMPLICIT_RETAIN_SELF = YES;
				CLANG_WARN_OBJC_LITERAL_CONVERSION = YES;
				CLANG_WARN_OBJC_ROOT_CLASS = YES_ERROR;
				CLANG_WARN_RANGE_LOOP_ANALYSIS = YES;
				CLANG_WARN_STRICT_PROTOTYPES = YES;
				CLANG_WARN_SUSPICIOUS_MOVE = YES;
				CLANG_WARN_UNGUARDED_AVAILABILITY = YES_AGGRESSIVE;
				CLANG_WARN_UNREACHABLE_CODE = YES;
				CLANG_WARN__DUPLICATE_METHOD_MATCH = YES;
				COPY_PHASE_STRIP = NO;
				DEBUG_INFORMATION_FORMAT = dwarf;
				ENABLE_STRICT_OBJC_MSGSEND = YES;
				ENABLE_TESTABILITY = YES;
				GCC_C_LANGUAGE_STANDARD = gnu11;
				GCC_DYNAMIC_NO_PIC = NO;
				GCC_NO_COMMON_BLOCKS = YES;
				GCC_OPTIMIZATION_LEVEL = 0;
				GCC_PREPROCESSOR_DEFINITIONS = (
					"DEBUG=1",
					"$(inherited)",
				);
				GCC_WARN_64_TO_32_BIT_CONVERSION = YES;
				GCC_WARN_ABOUT_RETURN_TYPE = YES_ERROR;
				GCC_WARN_UNDECLARED_SELECTOR = YES;
				GCC_WARN_UNINITIALIZED_AUTOS = YES_AGGRESSIVE;
				GCC_WARN_UNUSED_FUNCTION = YES;
				GCC_WARN_UNUSED_VARIABLE = YES;
				IPHONEOS_DEPLOYMENT_TARGET = 13.5;
				MTL_ENABLE_DEBUG_INFO = INCLUDE_SOURCE;
				MTL_FAST_MATH = YES;
				ONLY_ACTIVE_ARCH = YES;
				SDKROOT = iphoneos;
				SWIFT_ACTIVE_COMPILATION_CONDITIONS = DEBUG;
				SWIFT_OPTIMIZATION_LEVEL = "-Onone";
			};
			name = Debug;
		};
		C507876F24BE383100BB3120 /* Release */ = {
			isa = XCBuildConfiguration;
			buildSettings = {
				ALWAYS_SEARCH_USER_PATHS = NO;
				CLANG_ANALYZER_NONNULL = YES;
				CLANG_ANALYZER_NUMBER_OBJECT_CONVERSION = YES_AGGRESSIVE;
				CLANG_CXX_LANGUAGE_STANDARD = "gnu++14";
				CLANG_CXX_LIBRARY = "libc++";
				CLANG_ENABLE_MODULES = YES;
				CLANG_ENABLE_OBJC_ARC = YES;
				CLANG_ENABLE_OBJC_WEAK = YES;
				CLANG_WARN_BLOCK_CAPTURE_AUTORELEASING = YES;
				CLANG_WARN_BOOL_CONVERSION = YES;
				CLANG_WARN_COMMA = YES;
				CLANG_WARN_CONSTANT_CONVERSION = YES;
				CLANG_WARN_DEPRECATED_OBJC_IMPLEMENTATIONS = YES;
				CLANG_WARN_DIRECT_OBJC_ISA_USAGE = YES_ERROR;
				CLANG_WARN_DOCUMENTATION_COMMENTS = YES;
				CLANG_WARN_EMPTY_BODY = YES;
				CLANG_WARN_ENUM_CONVERSION = YES;
				CLANG_WARN_INFINITE_RECURSION = YES;
				CLANG_WARN_INT_CONVERSION = YES;
				CLANG_WARN_NON_LITERAL_NULL_CONVERSION = YES;
				CLANG_WARN_OBJC_IMPLICIT_RETAIN_SELF = YES;
				CLANG_WARN_OBJC_LITERAL_CONVERSION = YES;
				CLANG_WARN_OBJC_ROOT_CLASS = YES_ERROR;
				CLANG_WARN_RANGE_LOOP_ANALYSIS = YES;
				CLANG_WARN_STRICT_PROTOTYPES = YES;
				CLANG_WARN_SUSPICIOUS_MOVE = YES;
				CLANG_WARN_UNGUARDED_AVAILABILITY = YES_AGGRESSIVE;
				CLANG_WARN_UNREACHABLE_CODE = YES;
				CLANG_WARN__DUPLICATE_METHOD_MATCH = YES;
				COPY_PHASE_STRIP = NO;
				DEBUG_INFORMATION_FORMAT = "dwarf-with-dsym";
				ENABLE_NS_ASSERTIONS = NO;
				ENABLE_STRICT_OBJC_MSGSEND = YES;
				GCC_C_LANGUAGE_STANDARD = gnu11;
				GCC_NO_COMMON_BLOCKS = YES;
				GCC_WARN_64_TO_32_BIT_CONVERSION = YES;
				GCC_WARN_ABOUT_RETURN_TYPE = YES_ERROR;
				GCC_WARN_UNDECLARED_SELECTOR = YES;
				GCC_WARN_UNINITIALIZED_AUTOS = YES_AGGRESSIVE;
				GCC_WARN_UNUSED_FUNCTION = YES;
				GCC_WARN_UNUSED_VARIABLE = YES;
				IPHONEOS_DEPLOYMENT_TARGET = 13.5;
				MTL_ENABLE_DEBUG_INFO = NO;
				MTL_FAST_MATH = YES;
				SDKROOT = iphoneos;
				SWIFT_COMPILATION_MODE = wholemodule;
				SWIFT_OPTIMIZATION_LEVEL = "-O";
				VALIDATE_PRODUCT = YES;
			};
			name = Release;
		};
		C507877124BE383100BB3120 /* Debug */ = {
			isa = XCBuildConfiguration;
			buildSettings = {
				ASSETCATALOG_COMPILER_APPICON_NAME = AppIcon;
				CODE_SIGN_STYLE = Automatic;
				INFOPLIST_FILE = OnTheMap/Info.plist;
				LD_RUNPATH_SEARCH_PATHS = (
					"$(inherited)",
					"@executable_path/Frameworks",
				);
				PRODUCT_BUNDLE_IDENTIFIER = Aqeeli.OnTheMap;
				PRODUCT_NAME = "$(TARGET_NAME)";
				SWIFT_VERSION = 5.0;
				TARGETED_DEVICE_FAMILY = "1,2";
			};
			name = Debug;
		};
		C507877224BE383100BB3120 /* Release */ = {
			isa = XCBuildConfiguration;
			buildSettings = {
				ASSETCATALOG_COMPILER_APPICON_NAME = AppIcon;
				CODE_SIGN_STYLE = Automatic;
				INFOPLIST_FILE = OnTheMap/Info.plist;
				LD_RUNPATH_SEARCH_PATHS = (
					"$(inherited)",
					"@executable_path/Frameworks",
				);
				PRODUCT_BUNDLE_IDENTIFIER = Aqeeli.OnTheMap;
				PRODUCT_NAME = "$(TARGET_NAME)";
				SWIFT_VERSION = 5.0;
				TARGETED_DEVICE_FAMILY = "1,2";
			};
			name = Release;
		};
/* End XCBuildConfiguration section */

/* Begin XCConfigurationList section */
		C507875724BE383100BB3120 /* Build configuration list for PBXProject "OnTheMap" */ = {
			isa = XCConfigurationList;
			buildConfigurations = (
				C507876E24BE383100BB3120 /* Debug */,
				C507876F24BE383100BB3120 /* Release */,
			);
			defaultConfigurationIsVisible = 0;
			defaultConfigurationName = Release;
		};
		C507877024BE383100BB3120 /* Build configuration list for PBXNativeTarget "OnTheMap" */ = {
			isa = XCConfigurationList;
			buildConfigurations = (
				C507877124BE383100BB3120 /* Debug */,
				C507877224BE383100BB3120 /* Release */,
			);
			defaultConfigurationIsVisible = 0;
			defaultConfigurationName = Release;
		};
/* End XCConfigurationList section */
	};
	rootObject = C507875424BE383100BB3120 /* Project object */;
}
